
Microsoft Visual Studio Solution File, Format Version 12.00
# Visual Studio Version 17
VisualStudioVersion = 17.7.34031.279
MinimumVisualStudioVersion = 10.0.40219.1
Project("{FAE04EC0-301F-11D3-BF4B-00C04F79EFBC}") = "практическая работа 4 погудин павел", "практическая работа 4 погудин павел\практическая работа 4 погудин павел.csproj", "{D5E185BC-31BF-4FA9-B276-B61214EF660C}"
EndProject
Global
	GlobalSection(SolutionConfigurationPlatforms) = preSolution
		Debug|Any CPU = Debug|Any CPU
		Release|Any CPU = Release|Any CPU
	EndGlobalSection
	GlobalSection(ProjectConfigurationPlatforms) = postSolution
		{D5E185BC-31BF-4FA9-B276-B61214EF660C}.Debug|Any CPU.ActiveCfg = Debug|Any CPU
		{D5E185BC-31BF-4FA9-B276-B61214EF660C}.Debug|Any CPU.Build.0 = Debug|Any CPU
		{D5E185BC-31BF-4FA9-B276-B61214EF660C}.Release|Any CPU.ActiveCfg = Release|Any CPU
		{D5E185BC-31BF-4FA9-B276-B61214EF660C}.Release|Any CPU.Build.0 = Release|Any CPU
	EndGlobalSection
	GlobalSection(SolutionProperties) = preSolution
		HideSolutionNode = FALSE
	EndGlobalSection
	GlobalSection(ExtensibilityGlobals) = postSolution
		SolutionGuid = {27B309CB-1CED-475B-A0ED-24FFFDA510CB}
	EndGlobalSection
EndGlobal
